
Microsoft Visual Studio Solution File, Format Version 12.00
# Visual Studio Version 17
VisualStudioVersion = 17.4.33122.133
MinimumVisualStudioVersion = 10.0.40219.1
Project("{FAE04EC0-301F-11D3-BF4B-00C04F79EFBC}") = "ExamDatabase", "ExamDatabase\ExamDatabase.csproj", "{5B5AF167-FDBC-4B84-826F-905B4389287C}"
EndProject
Global
	GlobalSection(SolutionConfigurationPlatforms) = preSolution
		Debug|Any CPU = Debug|Any CPU
		Release|Any CPU = Release|Any CPU
	EndGlobalSection
	GlobalSection(ProjectConfigurationPlatforms) = postSolution
		{5B5AF167-FDBC-4B84-826F-905B4389287C}.Debug|Any CPU.ActiveCfg = Debug|Any CPU
		{5B5AF167-FDBC-4B84-826F-905B4389287C}.Debug|Any CPU.Build.0 = Debug|Any CPU
		{5B5AF167-FDBC-4B84-826F-905B4389287C}.Release|Any CPU.ActiveCfg = Release|Any CPU
		{5B5AF167-FDBC-4B84-826F-905B4389287C}.Release|Any CPU.Build.0 = Release|Any CPU
	EndGlobalSection
	GlobalSection(SolutionProperties) = preSolution
		HideSolutionNode = FALSE
	EndGlobalSection
	GlobalSection(ExtensibilityGlobals) = postSolution
		SolutionGuid = {3D30DF23-0DB1-45E4-8D52-8EE85FF098CB}
	EndGlobalSection
EndGlobal
